<Solution>
  <Folder Name="/src/" />
  <Folder Name="/src/Secao06/">
    <Project Path="src/Secao06/ExercicioMatriz/ExercicioMatriz.csproj" />
    <Project Path="src/Secao06/ExercicioParams/ExercicioParams.csproj" />
    <Project Path="src/Secao06/ExercicioVetores/ExercicioVetores.csproj" />
    <Project Path="src/Secao06/ExercicioListas/ExercicioListas.csproj" />
  </Folder>
</Solution>
