Microsoft Visual Studio Solution File, Format Version 12.00
# Visual Studio Version 17
VisualStudioVersion = 17.5.2.0
MinimumVisualStudioVersion = 10.0.40219.1
Project("{2150E333-8FDC-42A3-9474-1A3956D46DE8}") = "secao6", "secao6", "{28B22B00-4163-FAA3-981B-58C55E4DBBA3}"
EndProject
Project("{FAE04EC0-301F-11D3-BF4B-00C04F79EFBC}") = "secao5", "secao5\secao5.csproj", "{C6D4184C-C05C-39B5-F3DB-C9C3280D2A0D}"
EndProject
Project("{FAE04EC0-301F-11D3-BF4B-00C04F79EFBC}") = "Nelio-OrientacaoObjeto", "secao6\Nelio-OrientacaoObjeto.csproj", "{7EB62A63-FE53-1D70-D57C-220F8F1BA5F9}"
EndProject
Global
	GlobalSection(SolutionConfigurationPlatforms) = preSolution
		Debug|Any CPU = Debug|Any CPU
		Release|Any CPU = Release|Any CPU
	EndGlobalSection
	GlobalSection(ProjectConfigurationPlatforms) = postSolution
		{C6D4184C-C05C-39B5-F3DB-C9C3280D2A0D}.Debug|Any CPU.ActiveCfg = Debug|Any CPU
		{C6D4184C-C05C-39B5-F3DB-C9C3280D2A0D}.Debug|Any CPU.Build.0 = Debug|Any CPU
		{C6D4184C-C05C-39B5-F3DB-C9C3280D2A0D}.Release|Any CPU.ActiveCfg = Release|Any CPU
		{C6D4184C-C05C-39B5-F3DB-C9C3280D2A0D}.Release|Any CPU.Build.0 = Release|Any CPU
		{7EB62A63-FE53-1D70-D57C-220F8F1BA5F9}.Debug|Any CPU.ActiveCfg = Debug|Any CPU
		{7EB62A63-FE53-1D70-D57C-220F8F1BA5F9}.Debug|Any CPU.Build.0 = Debug|Any CPU
		{7EB62A63-FE53-1D70-D57C-220F8F1BA5F9}.Release|Any CPU.ActiveCfg = Release|Any CPU
		{7EB62A63-FE53-1D70-D57C-220F8F1BA5F9}.Release|Any CPU.Build.0 = Release|Any CPU
	EndGlobalSection
	GlobalSection(SolutionProperties) = preSolution
		HideSolutionNode = FALSE
	EndGlobalSection
	GlobalSection(NestedProjects) = preSolution
		{7EB62A63-FE53-1D70-D57C-220F8F1BA5F9} = {28B22B00-4163-FAA3-981B-58C55E4DBBA3}
	EndGlobalSection
	GlobalSection(ExtensibilityGlobals) = postSolution
		SolutionGuid = {D0815671-25DE-4C27-991B-9DF1C47C6227}
	EndGlobalSection
EndGlobal
